{
	"name": "submissiondicoding",
	"version": "1.0.0",
	"lockfileVersion": 2,
	"requires": true,
	"packages": {
		"": {
			"name": "submissiondicoding",
			"version": "1.0.0",
			"license": "ISC",
			"dependencies": {
				"sweetalert2": "^11.6.0"
			}
		},
		"node_modules/sweetalert2": {
			"version": "11.6.0",
			"resolved": "https://registry.npmjs.org/sweetalert2/-/sweetalert2-11.6.0.tgz",
			"integrity": "sha512-OX0KKF5n1pNV8KH2T74WBM7735Rn+6YU0jEvEto4B0C7nu9keV7YgBxQ+nClUibyFKYr1Y2HkLtmBaXm/s8esg==",
			"funding": {
				"type": "individual",
				"url": "https://sweetalert2.github.io/#donations"
			}
		}
	},
	"dependencies": {
		"sweetalert2": {
			"version": "11.6.0",
			"resolved": "https://registry.npmjs.org/sweetalert2/-/sweetalert2-11.6.0.tgz",
			"integrity": "sha512-OX0KKF5n1pNV8KH2T74WBM7735Rn+6YU0jEvEto4B0C7nu9keV7YgBxQ+nClUibyFKYr1Y2HkLtmBaXm/s8esg=="
		}
	}
}
